
Microsoft Visual Studio Solution File, Format Version 12.00
# Visual Studio Version 17
VisualStudioVersion = 17.5.33502.453
MinimumVisualStudioVersion = 10.0.40219.1
Project("{FAE04EC0-301F-11D3-BF4B-00C04F79EFBC}") = "SalesTax", "SalesTax\SalesTax.csproj", "{136A31BB-4BD5-454B-A6E4-24986456DD17}"
EndProject
Global
	GlobalSection(SolutionConfigurationPlatforms) = preSolution
		Debug|Any CPU = Debug|Any CPU
		Release|Any CPU = Release|Any CPU
	EndGlobalSection
	GlobalSection(ProjectConfigurationPlatforms) = postSolution
		{136A31BB-4BD5-454B-A6E4-24986456DD17}.Debug|Any CPU.ActiveCfg = Debug|Any CPU
		{136A31BB-4BD5-454B-A6E4-24986456DD17}.Debug|Any CPU.Build.0 = Debug|Any CPU
		{136A31BB-4BD5-454B-A6E4-24986456DD17}.Release|Any CPU.ActiveCfg = Release|Any CPU
		{136A31BB-4BD5-454B-A6E4-24986456DD17}.Release|Any CPU.Build.0 = Release|Any CPU
	EndGlobalSection
	GlobalSection(SolutionProperties) = preSolution
		HideSolutionNode = FALSE
	EndGlobalSection
	GlobalSection(ExtensibilityGlobals) = postSolution
		SolutionGuid = {CE7A8893-5A85-4ED8-883A-F5B6A0163AF3}
	EndGlobalSection
EndGlobal
